
Microsoft Visual Studio Solution File, Format Version 12.00
# Visual Studio Version 17
VisualStudioVersion = 17.14.37111.16 d17.14
MinimumVisualStudioVersion = 10.0.40219.1
Project("{FAE04EC0-301F-11D3-BF4B-00C04F79EFBC}") = "Project.Frontend", "Project.Frontend.csproj", "{070575F5-70D9-43A3-AC74-04ED30A709E8}"
EndProject
Global
	GlobalSection(SolutionConfigurationPlatforms) = preSolution
		Debug|Any CPU = Debug|Any CPU
		Release|Any CPU = Release|Any CPU
	EndGlobalSection
	GlobalSection(ProjectConfigurationPlatforms) = postSolution
		{070575F5-70D9-43A3-AC74-04ED30A709E8}.Debug|Any CPU.ActiveCfg = Debug|Any CPU
		{070575F5-70D9-43A3-AC74-04ED30A709E8}.Debug|Any CPU.Build.0 = Debug|Any CPU
		{070575F5-70D9-43A3-AC74-04ED30A709E8}.Release|Any CPU.ActiveCfg = Release|Any CPU
		{070575F5-70D9-43A3-AC74-04ED30A709E8}.Release|Any CPU.Build.0 = Release|Any CPU
	EndGlobalSection
	GlobalSection(SolutionProperties) = preSolution
		HideSolutionNode = FALSE
	EndGlobalSection
	GlobalSection(ExtensibilityGlobals) = postSolution
		SolutionGuid = {49E7D8D1-F3EE-4567-8BB4-DE069BD35DDD}
	EndGlobalSection
EndGlobal
